
Microsoft Visual Studio Solution File, Format Version 12.00
# Visual Studio Version 18
VisualStudioVersion = 18.0.11018.127 d18.0
MinimumVisualStudioVersion = 10.0.40219.1
Project("{2150E333-8FDC-42A3-9474-1A3956D46DE8}") = "src", "src", "{02EA681E-C7D8-13C7-8484-4AC65E1B71E8}"
EndProject
Project("{FAE04EC0-301F-11D3-BF4B-00C04F79EFBC}") = "GHLearning.EasyDomainDrivenDesign.Domain", "src\GHLearning.EasyDomainDrivenDesign.Domain\GHLearning.EasyDomainDrivenDesign.Domain.csproj", "{5DC8FC84-3C1B-4AD1-9B0A-2A0A627A88AB}"
EndProject
Project("{FAE04EC0-301F-11D3-BF4B-00C04F79EFBC}") = "GHLearning.EasyDomainDrivenDesign.Infrastructure", "src\GHLearning.EasyDomainDrivenDesign.Infrastructure\GHLearning.EasyDomainDrivenDesign.Infrastructure.csproj", "{F0132A7C-3757-46A7-8829-124ECBEFC700}"
EndProject
Project("{FAE04EC0-301F-11D3-BF4B-00C04F79EFBC}") = "GHLearning.EasyDomainDrivenDesign.Application", "src\GHLearning.EasyDomainDrivenDesign.Application\GHLearning.EasyDomainDrivenDesign.Application.csproj", "{BC24D6A8-6918-4699-901D-5CD3E87DE37A}"
EndProject
Project("{FAE04EC0-301F-11D3-BF4B-00C04F79EFBC}") = "GHLearning.EasyDomainDrivenDesign.SharedKernel", "src\GHLearning.EasyDomainDrivenDesign.SharedKernel\GHLearning.EasyDomainDrivenDesign.SharedKernel.csproj", "{B81646A8-D88A-4602-9B02-ED4FC6812753}"
EndProject
Project("{FAE04EC0-301F-11D3-BF4B-00C04F79EFBC}") = "GHLearning.EasyDomainDrivenDesign.WebApi", "src\GHLearning.EasyDomainDrivenDesign.WebApi\GHLearning.EasyDomainDrivenDesign.WebApi.csproj", "{518DB494-9DCC-397E-8620-04C45C730C06}"
EndProject
Project("{2150E333-8FDC-42A3-9474-1A3956D46DE8}") = "tests", "tests", "{777645A3-440C-4E7F-83E4-3989E9BE234A}"
EndProject
Project("{FAE04EC0-301F-11D3-BF4B-00C04F79EFBC}") = "GHLearning.EasyDomainDrivenDesign.ApplicationTests", "tests\GHLearning.EasyDomainDrivenDesign.ApplicationTests\GHLearning.EasyDomainDrivenDesign.ApplicationTests.csproj", "{986D4526-B949-4D0E-A72F-7B87A073E8B8}"
EndProject
Global
	GlobalSection(SolutionConfigurationPlatforms) = preSolution
		Debug|Any CPU = Debug|Any CPU
		Release|Any CPU = Release|Any CPU
	EndGlobalSection
	GlobalSection(ProjectConfigurationPlatforms) = postSolution
		{5DC8FC84-3C1B-4AD1-9B0A-2A0A627A88AB}.Debug|Any CPU.ActiveCfg = Debug|Any CPU
		{5DC8FC84-3C1B-4AD1-9B0A-2A0A627A88AB}.Debug|Any CPU.Build.0 = Debug|Any CPU
		{5DC8FC84-3C1B-4AD1-9B0A-2A0A627A88AB}.Release|Any CPU.ActiveCfg = Release|Any CPU
		{5DC8FC84-3C1B-4AD1-9B0A-2A0A627A88AB}.Release|Any CPU.Build.0 = Release|Any CPU
		{F0132A7C-3757-46A7-8829-124ECBEFC700}.Debug|Any CPU.ActiveCfg = Debug|Any CPU
		{F0132A7C-3757-46A7-8829-124ECBEFC700}.Debug|Any CPU.Build.0 = Debug|Any CPU
		{F0132A7C-3757-46A7-8829-124ECBEFC700}.Release|Any CPU.ActiveCfg = Release|Any CPU
		{F0132A7C-3757-46A7-8829-124ECBEFC700}.Release|Any CPU.Build.0 = Release|Any CPU
		{BC24D6A8-6918-4699-901D-5CD3E87DE37A}.Debug|Any CPU.ActiveCfg = Debug|Any CPU
		{BC24D6A8-6918-4699-901D-5CD3E87DE37A}.Debug|Any CPU.Build.0 = Debug|Any CPU
		{BC24D6A8-6918-4699-901D-5CD3E87DE37A}.Release|Any CPU.ActiveCfg = Release|Any CPU
		{BC24D6A8-6918-4699-901D-5CD3E87DE37A}.Release|Any CPU.Build.0 = Release|Any CPU
		{B81646A8-D88A-4602-9B02-ED4FC6812753}.Debug|Any CPU.ActiveCfg = Debug|Any CPU
		{B81646A8-D88A-4602-9B02-ED4FC6812753}.Debug|Any CPU.Build.0 = Debug|Any CPU
		{B81646A8-D88A-4602-9B02-ED4FC6812753}.Release|Any CPU.ActiveCfg = Release|Any CPU
		{B81646A8-D88A-4602-9B02-ED4FC6812753}.Release|Any CPU.Build.0 = Release|Any CPU
		{518DB494-9DCC-397E-8620-04C45C730C06}.Debug|Any CPU.ActiveCfg = Debug|Any CPU
		{518DB494-9DCC-397E-8620-04C45C730C06}.Debug|Any CPU.Build.0 = Debug|Any CPU
		{518DB494-9DCC-397E-8620-04C45C730C06}.Release|Any CPU.ActiveCfg = Release|Any CPU
		{518DB494-9DCC-397E-8620-04C45C730C06}.Release|Any CPU.Build.0 = Release|Any CPU
		{986D4526-B949-4D0E-A72F-7B87A073E8B8}.Debug|Any CPU.ActiveCfg = Debug|Any CPU
		{986D4526-B949-4D0E-A72F-7B87A073E8B8}.Debug|Any CPU.Build.0 = Debug|Any CPU
		{986D4526-B949-4D0E-A72F-7B87A073E8B8}.Release|Any CPU.ActiveCfg = Release|Any CPU
		{986D4526-B949-4D0E-A72F-7B87A073E8B8}.Release|Any CPU.Build.0 = Release|Any CPU
	EndGlobalSection
	GlobalSection(SolutionProperties) = preSolution
		HideSolutionNode = FALSE
	EndGlobalSection
	GlobalSection(NestedProjects) = preSolution
		{5DC8FC84-3C1B-4AD1-9B0A-2A0A627A88AB} = {02EA681E-C7D8-13C7-8484-4AC65E1B71E8}
		{F0132A7C-3757-46A7-8829-124ECBEFC700} = {02EA681E-C7D8-13C7-8484-4AC65E1B71E8}
		{BC24D6A8-6918-4699-901D-5CD3E87DE37A} = {02EA681E-C7D8-13C7-8484-4AC65E1B71E8}
		{B81646A8-D88A-4602-9B02-ED4FC6812753} = {02EA681E-C7D8-13C7-8484-4AC65E1B71E8}
		{518DB494-9DCC-397E-8620-04C45C730C06} = {02EA681E-C7D8-13C7-8484-4AC65E1B71E8}
		{986D4526-B949-4D0E-A72F-7B87A073E8B8} = {777645A3-440C-4E7F-83E4-3989E9BE234A}
	EndGlobalSection
	GlobalSection(ExtensibilityGlobals) = postSolution
		SolutionGuid = {5FC255F3-D7AE-4707-9504-231F98935379}
	EndGlobalSection
EndGlobal
